
Microsoft Visual Studio Solution File, Format Version 12.00
Project("{FAE04EC0-301F-11D3-BF4B-00C04F79EFBC}") = "Core", "Core\Core.csproj", "{E78F8B98-C8A0-4C15-A964-0E5785EB7341}"
EndProject
Project("{FAE04EC0-301F-11D3-BF4B-00C04F79EFBC}") = "Domain", "Domain\Domain.csproj", "{BE7E0BF7-DD18-45F8-8BD5-181DA88CB217}"
EndProject
Project("{FAE04EC0-301F-11D3-BF4B-00C04F79EFBC}") = "DatabaseTest", "DatabaseTest\DatabaseTest.csproj", "{5A2DC024-FCCF-4A28-B626-3D4477EE2A72}"
EndProject
Global
	GlobalSection(SolutionConfigurationPlatforms) = preSolution
		Debug|Any CPU = Debug|Any CPU
		Release|Any CPU = Release|Any CPU
	EndGlobalSection
	GlobalSection(ProjectConfigurationPlatforms) = postSolution
		{E78F8B98-C8A0-4C15-A964-0E5785EB7341}.Debug|Any CPU.ActiveCfg = Debug|Any CPU
		{E78F8B98-C8A0-4C15-A964-0E5785EB7341}.Debug|Any CPU.Build.0 = Debug|Any CPU
		{E78F8B98-C8A0-4C15-A964-0E5785EB7341}.Release|Any CPU.ActiveCfg = Release|Any CPU
		{E78F8B98-C8A0-4C15-A964-0E5785EB7341}.Release|Any CPU.Build.0 = Release|Any CPU
		{BE7E0BF7-DD18-45F8-8BD5-181DA88CB217}.Debug|Any CPU.ActiveCfg = Debug|Any CPU
		{BE7E0BF7-DD18-45F8-8BD5-181DA88CB217}.Debug|Any CPU.Build.0 = Debug|Any CPU
		{BE7E0BF7-DD18-45F8-8BD5-181DA88CB217}.Release|Any CPU.ActiveCfg = Release|Any CPU
		{BE7E0BF7-DD18-45F8-8BD5-181DA88CB217}.Release|Any CPU.Build.0 = Release|Any CPU
		{5A2DC024-FCCF-4A28-B626-3D4477EE2A72}.Debug|Any CPU.ActiveCfg = Debug|Any CPU
		{5A2DC024-FCCF-4A28-B626-3D4477EE2A72}.Debug|Any CPU.Build.0 = Debug|Any CPU
		{5A2DC024-FCCF-4A28-B626-3D4477EE2A72}.Release|Any CPU.ActiveCfg = Release|Any CPU
		{5A2DC024-FCCF-4A28-B626-3D4477EE2A72}.Release|Any CPU.Build.0 = Release|Any CPU
	EndGlobalSection
EndGlobal
